
Microsoft Visual Studio Solution File, Format Version 12.00
# Visual Studio Version 16
VisualStudioVersion = 16.0.33328.57
MinimumVisualStudioVersion = 10.0.40219.1
Project("{FAE04EC0-301F-11D3-BF4B-00C04F79EFBC}") = "EDO_Assistant", "EDO_Assistant\EDO_Assistant.csproj", "{23C1AF02-058A-4D46-9A77-6CFB170BF000}"
EndProject
Project("{54435603-DBB4-11D2-8724-00A0C9A8B90C}") = "EDO_Assistant_Setup", "EDO_Assistant_Setup\EDO_Assistant_Setup.vdproj", "{08AEAAA4-F521-4047-813F-9EF8D6B0CC3B}"
EndProject
Global
	GlobalSection(SolutionConfigurationPlatforms) = preSolution
		Debug|Any CPU = Debug|Any CPU
		Release|Any CPU = Release|Any CPU
	EndGlobalSection
	GlobalSection(ProjectConfigurationPlatforms) = postSolution
		{23C1AF02-058A-4D46-9A77-6CFB170BF000}.Debug|Any CPU.ActiveCfg = Debug|Any CPU
		{23C1AF02-058A-4D46-9A77-6CFB170BF000}.Debug|Any CPU.Build.0 = Debug|Any CPU
		{23C1AF02-058A-4D46-9A77-6CFB170BF000}.Release|Any CPU.ActiveCfg = Release|Any CPU
		{23C1AF02-058A-4D46-9A77-6CFB170BF000}.Release|Any CPU.Build.0 = Release|Any CPU
		{08AEAAA4-F521-4047-813F-9EF8D6B0CC3B}.Debug|Any CPU.ActiveCfg = Debug
		{08AEAAA4-F521-4047-813F-9EF8D6B0CC3B}.Debug|Any CPU.Build.0 = Debug
		{08AEAAA4-F521-4047-813F-9EF8D6B0CC3B}.Release|Any CPU.ActiveCfg = Release
		{08AEAAA4-F521-4047-813F-9EF8D6B0CC3B}.Release|Any CPU.Build.0 = Release
	EndGlobalSection
	GlobalSection(SolutionProperties) = preSolution
		HideSolutionNode = FALSE
	EndGlobalSection
	GlobalSection(ExtensibilityGlobals) = postSolution
		SolutionGuid = {2B12E2EE-F3CD-4BFC-B5F0-F78F99BB01A6}
	EndGlobalSection
EndGlobal
